// !$*UTF8*$!
{
	archiveVersion = 1;
	classes = {
	};
	objectVersion = 46;
	objects = {

/* Begin PBXBuildFile section */
		BACA868E1D9147ED000928C8 /* AppDelegate.swift in Sources */ = {isa = PBXBuildFile; fileRef = BACA868D1D9147ED000928C8 /* AppDelegate.swift */; };
		BACA86901D9147ED000928C8 /* ViewController.swift in Sources */ = {isa = PBXBuildFile; fileRef = BACA868F1D9147ED000928C8 /* ViewController.swift */; };
		BACA86931D9147ED000928C8 /* Main.storyboard in Resources */ = {isa = PBXBuildFile; fileRef = BACA86911D9147ED000928C8 /* Main.storyboard */; };
		BACA86951D9147ED000928C8 /* Assets.xcassets in Resources */ = {isa = PBXBuildFile; fileRef = BACA86941D9147ED000928C8 /* Assets.xcassets */; };
		BACA86981D9147ED000928C8 /* LaunchScreen.storyboard in Resources */ = {isa = PBXBuildFile; fileRef = BACA86961D9147ED000928C8 /* LaunchScreen.storyboard */; };
		BACA86A31D9147ED000928C8 /* getdemoTHTests.swift in Sources */ = {isa = PBXBuildFile; fileRef = BACA86A21D9147ED000928C8 /* getdemoTHTests.swift */; };
		BACA86AE1D9147EE000928C8 /* getdemoTHUITests.swift in Sources */ = {isa = PBXBuildFile; fileRef = BACA86AD1D9147EE000928C8 /* getdemoTHUITests.swift */; };
/* End PBXBuildFile section */

/* Begin PBXContainerItemProxy section */
		BACA869F1D9147ED000928C8 /* PBXContainerItemProxy */ = {
			isa = PBXContainerItemProxy;
			containerPortal = BACA86821D9147ED000928C8 /* Project object */;
			proxyType = 1;
			remoteGlobalIDString = BACA86891D9147ED000928C8;
			remoteInfo = getdemoTH;
		};
		BACA86AA1D9147EE000928C8 /* PBXContainerItemProxy */ = {
			isa = PBXContainerItemProxy;
			containerPortal = BACA86821D9147ED000928C8 /* Project object */;
			proxyType = 1;
			remoteGlobalIDString = BACA86891D9147ED000928C8;
			remoteInfo = getdemoTH;
		};
/* End PBXContainerItemProxy section */

/* Begin PBXFileReference section */
		BACA868A1D9147ED000928C8 /* getdemoTH.app */ = {isa = PBXFileReference; explicitFileType = wrapper.application; includeInIndex = 0; path = getdemoTH.app; sourceTree = BUILT_PRODUCTS_DIR; };
		BACA868D1D9147ED000928C8 /* AppDelegate.swift */ = {isa = PBXFileReference; lastKnownFileType = sourcecode.swift; path = AppDelegate.swift; sourceTree = "<group>"; };
		BACA868F1D9147ED000928C8 /* ViewController.swift */ = {isa = PBXFileReference; lastKnownFileType = sourcecode.swift; path = ViewController.swift; sourceTree = "<group>"; };
		BACA86921D9147ED000928C8 /* Base */ = {isa = PBXFileReference; lastKnownFileType = file.storyboard; name = Base; path = Base.lproj/Main.storyboard; sourceTree = "<group>"; };
		BACA86941D9147ED000928C8 /* Assets.xcassets */ = {isa = PBXFileReference; lastKnownFileType = folder.assetcatalog; path = Assets.xcassets; sourceTree = "<group>"; };
		BACA86971D9147ED000928C8 /* Base */ = {isa = PBXFileReference; lastKnownFileType = file.storyboard; name = Base; path = Base.lproj/LaunchScreen.storyboard; sourceTree = "<group>"; };
		BACA86991D9147ED000928C8 /* Info.plist */ = {isa = PBXFileReference; lastKnownFileType = text.plist.xml; path = Info.plist; sourceTree = "<group>"; };
		BACA869E1D9147ED000928C8 /* getdemoTHTests.xctest */ = {isa = PBXFileReference; explicitFileType = wrapper.cfbundle; includeInIndex = 0; path = getdemoTHTests.xctest; sourceTree = BUILT_PRODUCTS_DIR; };
		BACA86A21D9147ED000928C8 /* getdemoTHTests.swift */ = {isa = PBXFileReference; lastKnownFileType = sourcecode.swift; path = getdemoTHTests.swift; sourceTree = "<group>"; };
		BACA86A41D9147ED000928C8 /* Info.plist */ = {isa = PBXFileReference; lastKnownFileType = text.plist.xml; path = Info.plist; sourceTree = "<group>"; };
		BACA86A91D9147EE000928C8 /* getdemoTHUITests.xctest */ = {isa = PBXFileReference; explicitFileType = wrapper.cfbundle; includeInIndex = 0; path = getdemoTHUITests.xctest; sourceTree = BUILT_PRODUCTS_DIR; };
		BACA86AD1D9147EE000928C8 /* getdemoTHUITests.swift */ = {isa = PBXFileReference; lastKnownFileType = sourcecode.swift; path = getdemoTHUITests.swift; sourceTree = "<group>"; };
		BACA86AF1D9147EE000928C8 /* Info.plist */ = {isa = PBXFileReference; lastKnownFileType = text.plist.xml; path = Info.plist; sourceTree = "<group>"; };
/* End PBXFileReference section */

/* Begin PBXFrameworksBuildPhase section */
		BACA86871D9147ED000928C8 /* Frameworks */ = {
			isa = PBXFrameworksBuildPhase;
			buildActionMask = 2147483647;
			files = (
			);
			runOnlyForDeploymentPostprocessing = 0;
		};
		BACA869B1D9147ED000928C8 /* Frameworks */ = {
			isa = PBXFrameworksBuildPhase;
			buildActionMask = 2147483647;
			files = (
			);
			runOnlyForDeploymentPostprocessing = 0;
		};
		BACA86A61D9147EE000928C8 /* Frameworks */ = {
			isa = PBXFrameworksBuildPhase;
			buildActionMask = 2147483647;
			files = (
			);
			runOnlyForDeploymentPostprocessing = 0;
		};
/* End PBXFrameworksBuildPhase section */

/* Begin PBXGroup section */
		BACA86811D9147ED000928C8 = {
			isa = PBXGroup;
			children = (
				BACA868C1D9147ED000928C8 /* getdemoTH */,
				BACA86A11D9147ED000928C8 /* getdemoTHTests */,
				BACA86AC1D9147EE000928C8 /* getdemoTHUITests */,
				BACA868B1D9147ED000928C8 /* Products */,
			);
			sourceTree = "<group>";
		};
		BACA868B1D9147ED000928C8 /* Products */ = {
			isa = PBXGroup;
			children = (
				BACA868A1D9147ED000928C8 /* getdemoTH.app */,
				BACA869E1D9147ED000928C8 /* getdemoTHTests.xctest */,
				BACA86A91D9147EE000928C8 /* getdemoTHUITests.xctest */,
			);
			name = Products;
			sourceTree = "<group>";
		};
		BACA868C1D9147ED000928C8 /* getdemoTH */ = {
			isa = PBXGroup;
			children = (
				BACA868D1D9147ED000928C8 /* AppDelegate.swift */,
				BACA868F1D9147ED000928C8 /* ViewController.swift */,
				BACA86911D9147ED000928C8 /* Main.storyboard */,
				BACA86941D9147ED000928C8 /* Assets.xcassets */,
				BACA86961D9147ED000928C8 /* LaunchScreen.storyboard */,
				BACA86991D9147ED000928C8 /* Info.plist */,
			);
			path = getdemoTH;
			sourceTree = "<group>";
		};
		BACA86A11D9147ED000928C8 /* getdemoTHTests */ = {
			isa = PBXGroup;
			children = (
				BACA86A21D9147ED000928C8 /* getdemoTHTests.swift */,
				BACA86A41D9147ED000928C8 /* Info.plist */,
			);
			path = getdemoTHTests;
			sourceTree = "<group>";
		};
		BACA86AC1D9147EE000928C8 /* getdemoTHUITests */ = {
			isa = PBXGroup;
			children = (
				BACA86AD1D9147EE000928C8 /* getdemoTHUITests.swift */,
				BACA86AF1D9147EE000928C8 /* Info.plist */,
			);
			path = getdemoTHUITests;
			sourceTree = "<group>";
		};
/* End PBXGroup section */

/* Begin PBXNativeTarget section */
		BACA86891D9147ED000928C8 /* getdemoTH */ = {
			isa = PBXNativeTarget;
			buildConfigurationList = BACA86B21D9147EE000928C8 /* Build configuration list for PBXNativeTarget "getdemoTH" */;
			buildPhases = (
				BACA86861D9147ED000928C8 /* Sources */,
				BACA86871D9147ED000928C8 /* Frameworks */,
				BACA86881D9147ED000928C8 /* Resources */,
			);
			buildRules = (
			);
			dependencies = (
			);
			name = getdemoTH;
			productName = getdemoTH;
			productReference = BACA868A1D9147ED000928C8 /* getdemoTH.app */;
			productType = "com.apple.product-type.application";
		};
		BACA869D1D9147ED000928C8 /* getdemoTHTests */ = {
			isa = PBXNativeTarget;
			buildConfigurationList = BACA86B51D9147EE000928C8 /* Build configuration list for PBXNativeTarget "getdemoTHTests" */;
			buildPhases = (
				BACA869A1D9147ED000928C8 /* Sources */,
				BACA869B1D9147ED000928C8 /* Frameworks */,
				BACA869C1D9147ED000928C8 /* Resources */,
			);
			buildRules = (
			);
			dependencies = (
				BACA86A01D9147ED000928C8 /* PBXTargetDependency */,
			);
			name = getdemoTHTests;
			productName = getdemoTHTests;
			productReference = BACA869E1D9147ED000928C8 /* getdemoTHTests.xctest */;
			productType = "com.apple.product-type.bundle.unit-test";
		};
		BACA86A81D9147EE000928C8 /* getdemoTHUITests */ = {
			isa = PBXNativeTarget;
			buildConfigurationList = BACA86B81D9147EE000928C8 /* Build configuration list for PBXNativeTarget "getdemoTHUITests" */;
			buildPhases = (
				BACA86A51D9147EE000928C8 /* Sources */,
				BACA86A61D9147EE000928C8 /* Frameworks */,
				BACA86A71D9147EE000928C8 /* Resources */,
			);
			buildRules = (
			);
			dependencies = (
				BACA86AB1D9147EE000928C8 /* PBXTargetDependency */,
			);
			name = getdemoTHUITests;
			productName = getdemoTHUITests;
			productReference = BACA86A91D9147EE000928C8 /* getdemoTHUITests.xctest */;
			productType = "com.apple.product-type.bundle.ui-testing";
		};
/* End PBXNativeTarget section */

/* Begin PBXProject section */
		BACA86821D9147ED000928C8 /* Project object */ = {
			isa = PBXProject;
			attributes = {
				LastSwiftUpdateCheck = 0800;
				LastUpgradeCheck = 0800;
				ORGANIZATIONNAME = "Jennifer Simonds";
				TargetAttributes = {
					BACA86891D9147ED000928C8 = {
						CreatedOnToolsVersion = 8.0;
						ProvisioningStyle = Automatic;
					};
					BACA869D1D9147ED000928C8 = {
						CreatedOnToolsVersion = 8.0;
						ProvisioningStyle = Automatic;
						TestTargetID = BACA86891D9147ED000928C8;
					};
					BACA86A81D9147EE000928C8 = {
						CreatedOnToolsVersion = 8.0;
						ProvisioningStyle = Automatic;
						TestTargetID = BACA86891D9147ED000928C8;
					};
				};
			};
			buildConfigurationList = BACA86851D9147ED000928C8 /* Build configuration list for PBXProject "getdemoTH" */;
			compatibilityVersion = "Xcode 3.2";
			developmentRegion = English;
			hasScannedForEncodings = 0;
			knownRegions = (
				en,
				Base,
			);
			mainGroup = BACA86811D9147ED000928C8;
			productRefGroup = BACA868B1D9147ED000928C8 /* Products */;
			projectDirPath = "";
			projectRoot = "";
			targets = (
				BACA86891D9147ED000928C8 /* getdemoTH */,
				BACA869D1D9147ED000928C8 /* getdemoTHTests */,
				BACA86A81D9147EE000928C8 /* getdemoTHUITests */,
			);
		};
/* End PBXProject section */

/* Begin PBXResourcesBuildPhase section */
		BACA86881D9147ED000928C8 /* Resources */ = {
			isa = PBXResourcesBuildPhase;
			buildActionMask = 2147483647;
			files = (
				BACA86981D9147ED000928C8 /* LaunchScreen.storyboard in Resources */,
				BACA86951D9147ED000928C8 /* Assets.xcassets in Resources */,
				BACA86931D9147ED000928C8 /* Main.storyboard in Resources */,
			);
			runOnlyForDeploymentPostprocessing = 0;
		};
		BACA869C1D9147ED000928C8 /* Resources */ = {
			isa = PBXResourcesBuildPhase;
			buildActionMask = 2147483647;
			files = (
			);
			runOnlyForDeploymentPostprocessing = 0;
		};
		BACA86A71D9147EE000928C8 /* Resources */ = {
			isa = PBXResourcesBuildPhase;
			buildActionMask = 2147483647;
			files = (
			);
			runOnlyForDeploymentPostprocessing = 0;
		};
/* End PBXResourcesBuildPhase section */

/* Begin PBXSourcesBuildPhase section */
		BACA86861D9147ED000928C8 /* Sources */ = {
			isa = PBXSourcesBuildPhase;
			buildActionMask = 2147483647;
			files = (
				BACA86901D9147ED000928C8 /* ViewController.swift in Sources */,
				BACA868E1D9147ED000928C8 /* AppDelegate.swift in Sources */,
			);
			runOnlyForDeploymentPostprocessing = 0;
		};
		BACA869A1D9147ED000928C8 /* Sources */ = {
			isa = PBXSourcesBuildPhase;
			buildActionMask = 2147483647;
			files = (
				BACA86A31D9147ED000928C8 /* getdemoTHTests.swift in Sources */,
			);
			runOnlyForDeploymentPostprocessing = 0;
		};
		BACA86A51D9147EE000928C8 /* Sources */ = {
			isa = PBXSourcesBuildPhase;
			buildActionMask = 2147483647;
			files = (
				BACA86AE1D9147EE000928C8 /* getdemoTHUITests.swift in Sources */,
			);
			runOnlyForDeploymentPostprocessing = 0;
		};
/* End PBXSourcesBuildPhase section */

/* Begin PBXTargetDependency section */
		BACA86A01D9147ED000928C8 /* PBXTargetDependency */ = {
			isa = PBXTargetDependency;
			target = BACA86891D9147ED000928C8 /* getdemoTH */;
			targetProxy = BACA869F1D9147ED000928C8 /* PBXContainerItemProxy */;
		};
		BACA86AB1D9147EE000928C8 /* PBXTargetDependency */ = {
			isa = PBXTargetDependency;
			target = BACA86891D9147ED000928C8 /* getdemoTH */;
			targetProxy = BACA86AA1D9147EE000928C8 /* PBXContainerItemProxy */;
		};
/* End PBXTargetDependency section */

/* Begin PBXVariantGroup section */
		BACA86911D9147ED000928C8 /* Main.storyboard */ = {
			isa = PBXVariantGroup;
			children = (
				BACA86921D9147ED000928C8 /* Base */,
			);
			name = Main.storyboard;
			sourceTree = "<group>";
		};
		BACA86961D9147ED000928C8 /* LaunchScreen.storyboard */ = {
			isa = PBXVariantGroup;
			children = (
				BACA86971D9147ED000928C8 /* Base */,
			);
			name = LaunchScreen.storyboard;
			sourceTree = "<group>";
		};
/* End PBXVariantGroup section */

/* Begin XCBuildConfiguration section */
		BACA86B01D9147EE000928C8 /* Debug */ = {
			isa = XCBuildConfiguration;
			buildSettings = {
				ALWAYS_SEARCH_USER_PATHS = NO;
				CLANG_ANALYZER_NONNULL = YES;
				CLANG_CXX_LANGUAGE_STANDARD = "gnu++0x";
				CLANG_CXX_LIBRARY = "libc++";
				CLANG_ENABLE_MODULES = YES;
				CLANG_ENABLE_OBJC_ARC = YES;
				CLANG_WARN_BOOL_CONVERSION = YES;
				CLANG_WARN_CONSTANT_CONVERSION = YES;
				CLANG_WARN_DIRECT_OBJC_ISA_USAGE = YES_ERROR;
				CLANG_WARN_DOCUMENTATION_COMMENTS = YES;
				CLANG_WARN_EMPTY_BODY = YES;
				CLANG_WARN_ENUM_CONVERSION = YES;
				CLANG_WARN_INFINITE_RECURSION = YES;
				CLANG_WARN_INT_CONVERSION = YES;
				CLANG_WARN_OBJC_ROOT_CLASS = YES_ERROR;
				CLANG_WARN_SUSPICIOUS_MOVES = YES;
				CLANG_WARN_UNREACHABLE_CODE = YES;
				CLANG_WARN__DUPLICATE_METHOD_MATCH = YES;
				"CODE_SIGN_IDENTITY[sdk=iphoneos*]" = "iPhone Developer";
				COPY_PHASE_STRIP = NO;
				DEBUG_INFORMATION_FORMAT = dwarf;
				ENABLE_STRICT_OBJC_MSGSEND = YES;
				ENABLE_TESTABILITY = YES;
				GCC_C_LANGUAGE_STANDARD = gnu99;
				GCC_DYNAMIC_NO_PIC = NO;
				GCC_NO_COMMON_BLOCKS = YES;
				GCC_OPTIMIZATION_LEVEL = 0;
				GCC_PREPROCESSOR_DEFINITIONS = (
					"DEBUG=1",
					"$(inherited)",
				);
				GCC_WARN_64_TO_32_BIT_CONVERSION = YES;
				GCC_WARN_ABOUT_RETURN_TYPE = YES_ERROR;
				GCC_WARN_UNDECLARED_SELECTOR = YES;
				GCC_WARN_UNINITIALIZED_AUTOS = YES_AGGRESSIVE;
				GCC_WARN_UNUSED_FUNCTION = YES;
				GCC_WARN_UNUSED_VARIABLE = YES;
				IPHONEOS_DEPLOYMENT_TARGET = 10.0;
				MTL_ENABLE_DEBUG_INFO = YES;
				ONLY_ACTIVE_ARCH = YES;
				SDKROOT = iphoneos;
				SWIFT_ACTIVE_COMPILATION_CONDITIONS = DEBUG;
				SWIFT_OPTIMIZATION_LEVEL = "-Onone";
				TARGETED_DEVICE_FAMILY = "1,2";
			};
			name = Debug;
		};
		BACA86B11D9147EE000928C8 /* Release */ = {
			isa = XCBuildConfiguration;
			buildSettings = {
				ALWAYS_SEARCH_USER_PATHS = NO;
				CLANG_ANALYZER_NONNULL = YES;
				CLANG_CXX_LANGUAGE_STANDARD = "gnu++0x";
				CLANG_CXX_LIBRARY = "libc++";
				CLANG_ENABLE_MODULES = YES;
				CLANG_ENABLE_OBJC_ARC = YES;
				CLANG_WARN_BOOL_CONVERSION = YES;
				CLANG_WARN_CONSTANT_CONVERSION = YES;
				CLANG_WARN_DIRECT_OBJC_ISA_USAGE = YES_ERROR;
				CLANG_WARN_DOCUMENTATION_COMMENTS = YES;
				CLANG_WARN_EMPTY_BODY = YES;
				CLANG_WARN_ENUM_CONVERSION = YES;
				CLANG_WARN_INFINITE_RECURSION = YES;
				CLANG_WARN_INT_CONVERSION = YES;
				CLANG_WARN_OBJC_ROOT_CLASS = YES_ERROR;
				CLANG_WARN_SUSPICIOUS_MOVES = YES;
				CLANG_WARN_UNREACHABLE_CODE = YES;
				CLANG_WARN__DUPLICATE_METHOD_MATCH = YES;
				"CODE_SIGN_IDENTITY[sdk=iphoneos*]" = "iPhone Developer";
				COPY_PHASE_STRIP = NO;
				DEBUG_INFORMATION_FORMAT = "dwarf-with-dsym";
				ENABLE_NS_ASSERTIONS = NO;
				ENABLE_STRICT_OBJC_MSGSEND = YES;
				GCC_C_LANGUAGE_STANDARD = gnu99;
				GCC_NO_COMMON_BLOCKS = YES;
				GCC_WARN_64_TO_32_BIT_CONVERSION = YES;
				GCC_WARN_ABOUT_RETURN_TYPE = YES_ERROR;
				GCC_WARN_UNDECLARED_SELECTOR = YES;
				GCC_WARN_UNINITIALIZED_AUTOS = YES_AGGRESSIVE;
				GCC_WARN_UNUSED_FUNCTION = YES;
				GCC_WARN_UNUSED_VARIABLE = YES;
				IPHONEOS_DEPLOYMENT_TARGET = 10.0;
				MTL_ENABLE_DEBUG_INFO = NO;
				SDKROOT = iphoneos;
				SWIFT_OPTIMIZATION_LEVEL = "-Owholemodule";
				TARGETED_DEVICE_FAMILY = "1,2";
				VALIDATE_PRODUCT = YES;
			};
			name = Release;
		};
		BACA86B31D9147EE000928C8 /* Debug */ = {
			isa = XCBuildConfiguration;
			buildSettings = {
				ASSETCATALOG_COMPILER_APPICON_NAME = AppIcon;
				INFOPLIST_FILE = getdemoTH/Info.plist;
				LD_RUNPATH_SEARCH_PATHS = "$(inherited) @executable_path/Frameworks";
				PRODUCT_BUNDLE_IDENTIFIER = fake.getdemoTH;
				PRODUCT_NAME = "$(TARGET_NAME)";
				SWIFT_VERSION = 3.0;
			};
			name = Debug;
		};
		BACA86B41D9147EE000928C8 /* Release */ = {
			isa = XCBuildConfiguration;
			buildSettings = {
				ASSETCATALOG_COMPILER_APPICON_NAME = AppIcon;
				INFOPLIST_FILE = getdemoTH/Info.plist;
				LD_RUNPATH_SEARCH_PATHS = "$(inherited) @executable_path/Frameworks";
				PRODUCT_BUNDLE_IDENTIFIER = fake.getdemoTH;
				PRODUCT_NAME = "$(TARGET_NAME)";
				SWIFT_VERSION = 3.0;
			};
			name = Release;
		};
		BACA86B61D9147EE000928C8 /* Debug */ = {
			isa = XCBuildConfiguration;
			buildSettings = {
				ALWAYS_EMBED_SWIFT_STANDARD_LIBRARIES = YES;
				BUNDLE_LOADER = "$(TEST_HOST)";
				INFOPLIST_FILE = getdemoTHTests/Info.plist;
				LD_RUNPATH_SEARCH_PATHS = "$(inherited) @executable_path/Frameworks @loader_path/Frameworks";
				PRODUCT_BUNDLE_IDENTIFIER = fake.getdemoTHTests;
				PRODUCT_NAME = "$(TARGET_NAME)";
				SWIFT_VERSION = 3.0;
				TEST_HOST = "$(BUILT_PRODUCTS_DIR)/getdemoTH.app/getdemoTH";
			};
			name = Debug;
		};
		BACA86B71D9147EE000928C8 /* Release */ = {
			isa = XCBuildConfiguration;
			buildSettings = {
				ALWAYS_EMBED_SWIFT_STANDARD_LIBRARIES = YES;
				BUNDLE_LOADER = "$(TEST_HOST)";
				INFOPLIST_FILE = getdemoTHTests/Info.plist;
				LD_RUNPATH_SEARCH_PATHS = "$(inherited) @executable_path/Frameworks @loader_path/Frameworks";
				PRODUCT_BUNDLE_IDENTIFIER = fake.getdemoTHTests;
				PRODUCT_NAME = "$(TARGET_NAME)";
				SWIFT_VERSION = 3.0;
				TEST_HOST = "$(BUILT_PRODUCTS_DIR)/getdemoTH.app/getdemoTH";
			};
			name = Release;
		};
		BACA86B91D9147EE000928C8 /* Debug */ = {
			isa = XCBuildConfiguration;
			buildSettings = {
				ALWAYS_EMBED_SWIFT_STANDARD_LIBRARIES = YES;
				INFOPLIST_FILE = getdemoTHUITests/Info.plist;
				LD_RUNPATH_SEARCH_PATHS = "$(inherited) @executable_path/Frameworks @loader_path/Frameworks";
				PRODUCT_BUNDLE_IDENTIFIER = fake.getdemoTHUITests;
				PRODUCT_NAME = "$(TARGET_NAME)";
				SWIFT_VERSION = 3.0;
				TEST_TARGET_NAME = getdemoTH;
			};
			name = Debug;
		};
		BACA86BA1D9147EE000928C8 /* Release */ = {
			isa = XCBuildConfiguration;
			buildSettings = {
				ALWAYS_EMBED_SWIFT_STANDARD_LIBRARIES = YES;
				INFOPLIST_FILE = getdemoTHUITests/Info.plist;
				LD_RUNPATH_SEARCH_PATHS = "$(inherited) @executable_path/Frameworks @loader_path/Frameworks";
				PRODUCT_BUNDLE_IDENTIFIER = fake.getdemoTHUITests;
				PRODUCT_NAME = "$(TARGET_NAME)";
				SWIFT_VERSION = 3.0;
				TEST_TARGET_NAME = getdemoTH;
			};
			name = Release;
		};
/* End XCBuildConfiguration section */

/* Begin XCConfigurationList section */
		BACA86851D9147ED000928C8 /* Build configuration list for PBXProject "getdemoTH" */ = {
			isa = XCConfigurationList;
			buildConfigurations = (
				BACA86B01D9147EE000928C8 /* Debug */,
				BACA86B11D9147EE000928C8 /* Release */,
			);
			defaultConfigurationIsVisible = 0;
			defaultConfigurationName = Release;
		};
		BACA86B21D9147EE000928C8 /* Build configuration list for PBXNativeTarget "getdemoTH" */ = {
			isa = XCConfigurationList;
			buildConfigurations = (
				BACA86B31D9147EE000928C8 /* Debug */,
				BACA86B41D9147EE000928C8 /* Release */,
			);
			defaultConfigurationIsVisible = 0;
		};
		BACA86B51D9147EE000928C8 /* Build configuration list for PBXNativeTarget "getdemoTHTests" */ = {
			isa = XCConfigurationList;
			buildConfigurations = (
				BACA86B61D9147EE000928C8 /* Debug */,
				BACA86B71D9147EE000928C8 /* Release */,
			);
			defaultConfigurationIsVisible = 0;
		};
		BACA86B81D9147EE000928C8 /* Build configuration list for PBXNativeTarget "getdemoTHUITests" */ = {
			isa = XCConfigurationList;
			buildConfigurations = (
				BACA86B91D9147EE000928C8 /* Debug */,
				BACA86BA1D9147EE000928C8 /* Release */,
			);
			defaultConfigurationIsVisible = 0;
		};
/* End XCConfigurationList section */
	};
	rootObject = BACA86821D9147ED000928C8 /* Project object */;
}
